
Microsoft Visual Studio Solution File, Format Version 12.00
# Visual Studio Version 16
VisualStudioVersion = 16.0.30907.101
MinimumVisualStudioVersion = 10.0.40219.1
Project("{FAE04EC0-301F-11D3-BF4B-00C04F79EFBC}") = "MouseClickTool", "MouseClickTool\MouseClickTool.csproj", "{D53643D9-DCDD-4D58-A107-97AF846B5312}"
EndProject
Global
	GlobalSection(SolutionConfigurationPlatforms) = preSolution
		Debug|Any CPU = Debug|Any CPU
		Release|Any CPU = Release|Any CPU
	EndGlobalSection
	GlobalSection(ProjectConfigurationPlatforms) = postSolution
		{D53643D9-DCDD-4D58-A107-97AF846B5312}.Debug|Any CPU.ActiveCfg = Debug|Any CPU
		{D53643D9-DCDD-4D58-A107-97AF846B5312}.Debug|Any CPU.Build.0 = Debug|Any CPU
		{D53643D9-DCDD-4D58-A107-97AF846B5312}.Release|Any CPU.ActiveCfg = Release|Any CPU
		{D53643D9-DCDD-4D58-A107-97AF846B5312}.Release|Any CPU.Build.0 = Release|Any CPU
	EndGlobalSection
	GlobalSection(SolutionProperties) = preSolution
		HideSolutionNode = FALSE
	EndGlobalSection
	GlobalSection(ExtensibilityGlobals) = postSolution
		SolutionGuid = {95567ED9-5379-4A9B-A57B-F5507D55E878}
	EndGlobalSection
EndGlobal
